<?xml version="1.0" encoding="UTF-8" standalone="yes" ?>
<CodeBlocks_project_file>
	<FileVersion major="1" minor="6" />
	<Project>
		<Option title="netwars" />
		<Option pch_mode="2" />
		<Option compiler="gcc" />
		<Build>
			<Target title="default">
				<Option output="netwars" prefix_auto="1" extension_auto="1" />
				<Option object_output="obj/" />
				<Option type="1" />
				<Option compiler="gcc" />
				<Compiler>
					<Add directory="$(PROJECT_DIR)/src" />
				</Compiler>
			</Target>
		</Build>
		<Compiler>
			<Add option="$(#gtkmm.cflags)" />
			<Add option="-I/sw/lib/pango-ft219/include/pango-1.0 -I/sw/include/pixman-1 -I/sw/include/libpng12 -I/sw/include -I/sw/include/glib-2.0 -I/sw/lib/glib-2.0/include -I/sw/include/cairo -I/sw/include/gtk-2.0 -I/sw/include/atk-1.0 -I/sw/lib/gtk-2.0/include -I/sw/include/libxml2 -I/sw/include/sigc++-2.0 -I/sw/lib/sigc++-2.0/include -I/sw/include/glibmm-2.4 -I/sw/lib/glibmm-2.4/include -I/sw/include/cairomm-1.0 -I/sw/include/pangomm-1.4 -I/sw/include/atkmm-1.6 -I/sw/include/gdkmm-2.4 -I/sw/lib/gdkmm-2.4/include -I/sw/include/libglade-2.0 -I/sw/include/gtkmm-2.4 -I/sw/lib/gtkmm-2.4/include -I/sw/include/libglademm-2.4 -I/sw/lib/libglademm-2.4/include -I/usr/X11R6/include -I/usr/X11/include -I/usr/X11/include/freetype2" />
			<Add option="-DTIXML_USE_STL" />
			<Add option="-DTIXML_USE_TICPP" />
		</Compiler>
		<Linker>
			<Add option="$(#gtkmm.lflags)" />
			<Add option="-L/sw/lib/pango-ft219/lib -L/sw/lib -L/usr/X11R6/lib -L/usr/X11/lib -Wl,-framework,CoreServices -Wl,-framework,ApplicationServices -lglademm-2.4 -lgtkmm-2.4 -lglade-2.0 -lgdkmm-2.4 -latkmm-1.6 -lpangomm-1.4 -lcairomm-1.0 -lglibmm-2.4 -lsigc-2.0 -lgtk-x11-2.0 -lxml2 -lgdk-x11-2.0 -latk-1.0 -lgdk_pixbuf-2.0 -lpangocairo-1.0 -lXrender -lX11 -lXext -lXinerama -lXrandr -lXcursor -lXcomposite -lXdamage -lcairo -lpangoft2-1.0 -lpango-1.0 -lm -lfreetype -lz -lfontconfig -lXfixes -lgobject-2.0 -lgmodule-2.0 -lglib-2.0 -lintl -liconv" />
			<Add library="boost_filesystem-mt" />
			<Add library="boost_signals-mt" />
			<Add library="boost_system-mt" />
			<Add directory="$(PROJECT_DIR)" />
		</Linker>
		<Unit filename="changelog.txt" />
		<Unit filename="config.xml" />
		<Unit filename="data/damagetable.xml" />
		<Unit filename="data/units.xml" />
		<Unit filename="src/area.h" />
		<Unit filename="src/config.h" />
		<Unit filename="src/coord.h" />
		<Unit filename="src/game.cpp" />
		<Unit filename="src/game.h" />
		<Unit filename="src/game_controller.cpp" />
		<Unit filename="src/game_controller.h" />
		<Unit filename="src/game_mechanics/attack_utilities.cpp" />
		<Unit filename="src/game_mechanics/attack_utilities.h" />
		<Unit filename="src/game_mechanics/damage_calc.cpp" />
		<Unit filename="src/game_mechanics/damage_calc.h" />
		<Unit filename="src/game_mechanics/explosion_damage.cpp" />
		<Unit filename="src/game_mechanics/explosion_damage.h" />
		<Unit filename="src/game_mechanics/fire_range.cpp" />
		<Unit filename="src/game_mechanics/fire_range.h" />
		<Unit filename="src/game_mechanics/move_utilities.cpp" />
		<Unit filename="src/game_mechanics/move_utilities.h" />
		<Unit filename="src/game_mechanics/path.cpp" />
		<Unit filename="src/game_mechanics/path.h" />
		<Unit filename="src/game_mechanics/player_utilities.cpp" />
		<Unit filename="src/game_mechanics/player_utilities.h" />
		<Unit filename="src/game_mechanics/prices.h" />
		<Unit filename="src/game_mechanics/supply_mechanics.cpp" />
		<Unit filename="src/game_mechanics/supply_mechanics.h" />
		<Unit filename="src/game_mechanics/traverse.cpp" />
		<Unit filename="src/game_mechanics/traverse.h" />
		<Unit filename="src/game_mechanics/unload_utilities.cpp" />
		<Unit filename="src/game_mechanics/unload_utilities.h" />
		<Unit filename="src/game_settings.cpp" />
		<Unit filename="src/game_settings.h" />
		<Unit filename="src/graphics/display.cpp" />
		<Unit filename="src/graphics/display.h" />
		<Unit filename="src/graphics/paths.cpp" />
		<Unit filename="src/graphics/paths.h" />
		<Unit filename="src/graphics/scene.h" />
		<Unit filename="src/graphics/sprites.h" />
		<Unit filename="src/gui/buy_menu.cpp" />
		<Unit filename="src/gui/buy_menu.h" />
		<Unit filename="src/gui/constants.h" />
		<Unit filename="src/gui/game_dialog.h" />
		<Unit filename="src/gui/gtk/buy_menu.cpp" />
		<Unit filename="src/gui/gtk/buy_menu.h" />
		<Unit filename="src/gui/gtk/game_dialog.cpp" />
		<Unit filename="src/gui/gtk/game_dialog.h" />
		<Unit filename="src/gui/gtk/main_window.cpp" />
		<Unit filename="src/gui/gtk/main_window.h" />
		<Unit filename="src/gui/gtk/unit_action_menu.cpp" />
		<Unit filename="src/gui/gtk/unit_action_menu.h" />
		<Unit filename="src/gui/gtk/unit_unload_menu.cpp" />
		<Unit filename="src/gui/gtk/unit_unload_menu.h" />
		<Unit filename="src/gui/gtk/unit_widget.cpp" />
		<Unit filename="src/gui/gtk/unit_widget.h" />
		<Unit filename="src/gui/gui_fabric.cpp" />
		<Unit filename="src/gui/gui_fabric.h" />
		<Unit filename="src/gui/main_window.cpp" />
		<Unit filename="src/gui/main_window.h" />
		<Unit filename="src/gui/unit_action_menu.cpp" />
		<Unit filename="src/gui/unit_action_menu.h" />
		<Unit filename="src/gui/unit_unload_menu.h" />
		<Unit filename="src/gui/unit_widget.h" />
		<Unit filename="src/main.cpp" />
		<Unit filename="src/map.cpp" />
		<Unit filename="src/map.h" />
		<Unit filename="src/map_loader/map_loader.cpp" />
		<Unit filename="src/map_loader/map_loader.h" />
		<Unit filename="src/player.cpp" />
		<Unit filename="src/player.h" />
		<Unit filename="src/terrain.cpp" />
		<Unit filename="src/terrain.h" />
		<Unit filename="src/tinyxml/ticpp.cpp" />
		<Unit filename="src/tinyxml/ticpp.h" />
		<Unit filename="src/tinyxml/ticpprc.h" />
		<Unit filename="src/tinyxml/tinyxml.cpp" />
		<Unit filename="src/tinyxml/tinyxml.h" />
		<Unit filename="src/tinyxml/tinyxmlerror.cpp" />
		<Unit filename="src/tinyxml/tinyxmlparser.cpp" />
		<Unit filename="src/units/transporter.h" />
		<Unit filename="src/units/unit_base.h" />
		<Unit filename="src/units/unit_loader.cpp" />
		<Unit filename="src/units/unit_loader.h" />
		<Unit filename="src/units/units.h" />
		<Unit filename="src/utility.h" />
		<Extensions>
			<code_completion />
			<envvars />
			<debugger />
		</Extensions>
	</Project>
</CodeBlocks_project_file>
