<?xml version="1.0" encoding="UTF-8" standalone="yes" ?>
<CodeBlocks_project_file>
	<FileVersion major="1" minor="6" />
	<Project>
		<Option title="netwars" />
		<Option pch_mode="2" />
		<Option compiler="gcc" />
		<Build>
			<Target title="default">
				<Option output="netwars" prefix_auto="1" extension_auto="1" />
				<Option object_output="obj\" />
				<Option type="1" />
				<Option compiler="gcc" />
				<Compiler>
					<Add directory="$(PROJECT_DIR)\src" />
					<Add directory="src\lib" />
				</Compiler>
			</Target>
		</Build>
		<Compiler>
			<Add option="$(#gtkmm.cflags)" />
			<Add option="-mms-bitfields -IC:/GTK/include/libglademm-2.4 -IC:/GTK/lib/libglademm-2.4/include -IC:/GTK/include/gtkmm-2.4 -IC:/GTK/lib/gtkmm-2.4/include -IC:/GTK/include/libglade-2.0 -IC:/GTK/include/glibmm-2.4 -IC:/GTK/lib/glibmm-2.4/include -IC:/GTK/include/gdkmm-2.4 -IC:/GTK/lib/gdkmm-2.4/include -IC:/GTK/include/pangomm-1.4 -IC:/GTK/include/atkmm-1.6 -IC:/GTK/include/gtk-2.0 -IC:/GTK/include/sigc++-2.0 -IC:/GTK/lib/sigc++-2.0/include -IC:/GTK/include/glib-2.0 -IC:/GTK/lib/glib-2.0/include -IC:/GTK/lib/gtk-2.0/include -IC:/GTK/include/cairomm-1.0 -IC:/GTK/include/pango-1.0 -IC:/GTK/include/cairo -IC:/GTK/include/freetype2 -IC:/GTK/include -IC:/GTK/include/atk-1.0 -IC:/GTK/include/libxml2" />
			<Add option="-DTIXML_USE_STL" />
			<Add option="-DTIXML_USE_TICPP" />
		</Compiler>
		<Linker>
			<Add option="$(#gtkmm.lflags)" />
			<Add option="-user32 -Wl,-luuid -LC:/GTK/lib -lglademm-2.4 -lgtkmm-2.4 -lglade-2.0 -lgdkmm-2.4 -latkmm-1.6 -lpangomm-1.4 -lcairomm-1.0 -lglibmm-2.4 -lsigc-2.0 -lgtk-win32-2.0 -lxml2 -lgdk-win32-2.0 -lgdi32 -limm32 -lshell32 -lole32 -latk-1.0 -lgdk_pixbuf-2.0 -lpangowin32-1.0 -lpangocairo-1.0 -lcairo -lpangoft2-1.0 -lfontconfig -lfreetype -lz -lpango-1.0 -lm -lgobject-2.0 -lgmodule-2.0 -lglib-2.0 -lintl -liconv" />
			<Add library="boost_filesystem-mt" />
			<Add library="boost_signals-mt" />
			<Add library="boost_system-mt" />
			<Add directory="$(PROJECT_DIR)" />
		</Linker>
		<Unit filename="src\game\area.h" />
		<Unit filename="src\game\config.h" />
		<Unit filename="src\game\coord.h" />
		<Unit filename="src\game\game.cpp" />
		<Unit filename="src\game\game.h" />
		<Unit filename="src\game\game_controller.cpp" />
		<Unit filename="src\game\game_controller.h" />
		<Unit filename="src\game\game_mechanics\attack_utilities.cpp" />
		<Unit filename="src\game\game_mechanics\attack_utilities.h" />
		<Unit filename="src\game\game_mechanics\damage_calc.cpp" />
		<Unit filename="src\game\game_mechanics\damage_calc.h" />
		<Unit filename="src\game\game_mechanics\explosion_damage.cpp" />
		<Unit filename="src\game\game_mechanics\explosion_damage.h" />
		<Unit filename="src\game\game_mechanics\fire_range.cpp" />
		<Unit filename="src\game\game_mechanics\fire_range.h" />
		<Unit filename="src\game\game_mechanics\move_utilities.cpp" />
		<Unit filename="src\game\game_mechanics\move_utilities.h" />
		<Unit filename="src\game\game_mechanics\path.cpp" />
		<Unit filename="src\game\game_mechanics\path.h" />
		<Unit filename="src\game\game_mechanics\player_utilities.cpp" />
		<Unit filename="src\game\game_mechanics\player_utilities.h" />
		<Unit filename="src\game\game_mechanics\prices.h" />
		<Unit filename="src\game\game_mechanics\supply_mechanics.cpp" />
		<Unit filename="src\game\game_mechanics\supply_mechanics.h" />
		<Unit filename="src\game\game_mechanics\traverse.cpp" />
		<Unit filename="src\game\game_mechanics\traverse.h" />
		<Unit filename="src\game\game_mechanics\unload_utilities.cpp" />
		<Unit filename="src\game\game_mechanics\unload_utilities.h" />
		<Unit filename="src\game\game_settings.cpp" />
		<Unit filename="src\game\game_settings.h" />
		<Unit filename="src\game\map.cpp" />
		<Unit filename="src\game\map.h" />
		<Unit filename="src\game\map_loader\map_loader.cpp" />
		<Unit filename="src\game\map_loader\map_loader.h" />
		<Unit filename="src\game\player.cpp" />
		<Unit filename="src\game\player.h" />
		<Unit filename="src\game\scene.h" />
		<Unit filename="src\game\terrain.cpp" />
		<Unit filename="src\game\terrain.h" />
		<Unit filename="src\game\units\actions.h" />
		<Unit filename="src\game\units\transporter.h" />
		<Unit filename="src\game\units\unit_base.h" />
		<Unit filename="src\game\units\unit_loader.cpp" />
		<Unit filename="src\game\units\unit_loader.h" />
		<Unit filename="src\game\units\units.h" />
		<Unit filename="src\game\utility.h" />
		<Unit filename="src\gui\buy_menu.cpp" />
		<Unit filename="src\gui\buy_menu.h" />
		<Unit filename="src\gui\constants.h" />
		<Unit filename="src\gui\display.cpp" />
		<Unit filename="src\gui\display.h" />
		<Unit filename="src\gui\game_dialog.cpp" />
		<Unit filename="src\gui\game_dialog.h" />
		<Unit filename="src\gui\gtk\buy_menu.cpp" />
		<Unit filename="src\gui\gtk\buy_menu.h" />
		<Unit filename="src\gui\gtk\game_dialog.cpp" />
		<Unit filename="src\gui\gtk\game_dialog.h" />
		<Unit filename="src\gui\gtk\main_window.cpp" />
		<Unit filename="src\gui\gtk\main_window.h" />
		<Unit filename="src\gui\gtk\unit_action_menu.cpp" />
		<Unit filename="src\gui\gtk\unit_action_menu.h" />
		<Unit filename="src\gui\gtk\unit_unload_menu.cpp" />
		<Unit filename="src\gui\gtk\unit_unload_menu.h" />
		<Unit filename="src\gui\gtk\unit_widget.cpp" />
		<Unit filename="src\gui\gtk\unit_widget.h" />
		<Unit filename="src\gui\gui_fabric.cpp" />
		<Unit filename="src\gui\gui_fabric.h" />
		<Unit filename="src\gui\main_window.cpp" />
		<Unit filename="src\gui\main_window.h" />
		<Unit filename="src\gui\paths.cpp" />
		<Unit filename="src\gui\paths.h" />
		<Unit filename="src\gui\sprites.h" />
		<Unit filename="src\gui\unit_action_menu.cpp" />
		<Unit filename="src\gui\unit_action_menu.h" />
		<Unit filename="src\gui\unit_unload_menu.h" />
		<Unit filename="src\gui\unit_widget.h" />
		<Unit filename="src\lib\tinyxml\ticpp.cpp" />
		<Unit filename="src\lib\tinyxml\ticpp.h" />
		<Unit filename="src\lib\tinyxml\ticpprc.h" />
		<Unit filename="src\lib\tinyxml\tinyxml.cpp" />
		<Unit filename="src\lib\tinyxml\tinyxml.h" />
		<Unit filename="src\lib\tinyxml\tinyxmlerror.cpp" />
		<Unit filename="src\lib\tinyxml\tinyxmlparser.cpp" />
		<Unit filename="src\main.cpp" />
		<Extensions>
			<code_completion />
			<envvars />
			<debugger />
		</Extensions>
	</Project>
</CodeBlocks_project_file>
