// !$*UTF8*$!
{
	archiveVersion = 1;
	classes = {
	};
	objectVersion = 45;
	objects = {

/* Begin PBXBuildFile section */
		1DDD58160DA1D0A300B32029 /* MainMenu.xib in Resources */ = {isa = PBXBuildFile; fileRef = 1DDD58140DA1D0A300B32029 /* MainMenu.xib */; };
		8D11072B0486CEB800E47090 /* InfoPlist.strings in Resources */ = {isa = PBXBuildFile; fileRef = 089C165CFE840E0CC02AAC07 /* InfoPlist.strings */; };
		8D11072D0486CEB800E47090 /* main.mm in Sources */ = {isa = PBXBuildFile; fileRef = 29B97316FDCFA39411CA2CEA /* main.mm */; settings = {ATTRIBUTES = (); }; };
		8D11072F0486CEB800E47090 /* Cocoa.framework in Frameworks */ = {isa = PBXBuildFile; fileRef = 1058C7A1FEA54F0111CA2CBB /* Cocoa.framework */; };
		8E0BCC160F30B4B200BD795E /* UnitInfo.xib in Resources */ = {isa = PBXBuildFile; fileRef = 8E0BCC150F30B4B200BD795E /* UnitInfo.xib */; };
		8E0BCC5B0F30B73900BD795E /* UnitInfoController.mm in Sources */ = {isa = PBXBuildFile; fileRef = 8E0BCC590F30B73900BD795E /* UnitInfoController.mm */; };
		8E0C476A0EEAF337008EFD65 /* CocoaActionMenu.mm in Sources */ = {isa = PBXBuildFile; fileRef = 8E0C47690EEAF337008EFD65 /* CocoaActionMenu.mm */; };
		8E0C4A410EEB16BD008EFD65 /* UnitUnloadMenuController.mm in Sources */ = {isa = PBXBuildFile; fileRef = 8E0C4A400EEB16BD008EFD65 /* UnitUnloadMenuController.mm */; };
		8E0C4AD40EEB1C49008EFD65 /* CocoaUnloadMenu.mm in Sources */ = {isa = PBXBuildFile; fileRef = 8E0C4AD30EEB1C49008EFD65 /* CocoaUnloadMenu.mm */; };
		8E0C4B8F0EEB3B05008EFD65 /* BuyMenu.xib in Resources */ = {isa = PBXBuildFile; fileRef = 8E0C4B8E0EEB3B05008EFD65 /* BuyMenu.xib */; };
		8E0C4B930EEB3E64008EFD65 /* BuyMenuController.mm in Sources */ = {isa = PBXBuildFile; fileRef = 8E0C4B920EEB3E64008EFD65 /* BuyMenuController.mm */; };
		8E1A5F8C0EDEEE050089B499 /* CocoaMapWidget.mm in Sources */ = {isa = PBXBuildFile; fileRef = 8E1A5F8B0EDEEE050089B499 /* CocoaMapWidget.mm */; };
		8E1A624D0EDF662A0089B499 /* GameDialog.xib in Resources */ = {isa = PBXBuildFile; fileRef = 8E1A624C0EDF662A0089B499 /* GameDialog.xib */; };
		8E1A62850EE033D70089B499 /* UnitActionMenuController.mm in Sources */ = {isa = PBXBuildFile; fileRef = 8E1A62840EE033D70089B499 /* UnitActionMenuController.mm */; };
		8E1BC66F0F39DEF700CE9290 /* Credits.rtf in Resources */ = {isa = PBXBuildFile; fileRef = 8E1BC66E0F39DEF700CE9290 /* Credits.rtf */; };
		8E26C4C90ED488A700704923 /* MapView.mm in Sources */ = {isa = PBXBuildFile; fileRef = 8E26C4C80ED488A700704923 /* MapView.mm */; };
		8E26C5210ED48F2D00704923 /* AppController.mm in Sources */ = {isa = PBXBuildFile; fileRef = 8E26C5200ED48F2D00704923 /* AppController.mm */; };
		8E26CE860ED8304500704923 /* Coordinate.mm in Sources */ = {isa = PBXBuildFile; fileRef = 8E26CE850ED8304500704923 /* Coordinate.mm */; };
		8E26CF9A0ED851F300704923 /* Sprites.mm in Sources */ = {isa = PBXBuildFile; fileRef = 8E26CF990ED851F300704923 /* Sprites.mm */; };
		8E26D0FF0ED8614E00704923 /* MapView.xib in Resources */ = {isa = PBXBuildFile; fileRef = 8E26D0FE0ED8614E00704923 /* MapView.xib */; };
		8E26D12C0ED864BE00704923 /* MainWindow.xib in Resources */ = {isa = PBXBuildFile; fileRef = 8E26D12B0ED864BE00704923 /* MainWindow.xib */; };
		8E26D18C0ED868E200704923 /* MainWindowController.mm in Sources */ = {isa = PBXBuildFile; fileRef = 8E26D18A0ED868E200704923 /* MainWindowController.mm */; };
		8E303C970EEC8BFA005FD0B5 /* config.xml in Resources */ = {isa = PBXBuildFile; fileRef = 8E303B3B0EEC8BFA005FD0B5 /* config.xml */; };
		8E30FB520EECA46E00D06119 /* Quartz.framework in Frameworks */ = {isa = PBXBuildFile; fileRef = 8E30FB510EECA46E00D06119 /* Quartz.framework */; };
		8E3383CA106EEEE000CD8369 /* libbase64.a in Frameworks */ = {isa = PBXBuildFile; fileRef = 8E3383C7106EEEE000CD8369 /* libbase64.a */; };
		8E3383CB106EEEE000CD8369 /* libjson.a in Frameworks */ = {isa = PBXBuildFile; fileRef = 8E3383C8106EEEE000CD8369 /* libjson.a */; };
		8E3383CC106EEEE000CD8369 /* libmd5.a in Frameworks */ = {isa = PBXBuildFile; fileRef = 8E3383C9106EEEE000CD8369 /* libmd5.a */; };
		8E3383D0106EEF0C00CD8369 /* libboost_filesystem.a in Frameworks */ = {isa = PBXBuildFile; fileRef = 8E3383CD106EEF0C00CD8369 /* libboost_filesystem.a */; };
		8E3383D1106EEF0C00CD8369 /* libboost_signals.a in Frameworks */ = {isa = PBXBuildFile; fileRef = 8E3383CE106EEF0C00CD8369 /* libboost_signals.a */; };
		8E3383D2106EEF0C00CD8369 /* libboost_system.a in Frameworks */ = {isa = PBXBuildFile; fileRef = 8E3383CF106EEF0C00CD8369 /* libboost_system.a */; };
		8E3383FA106EEFEB00CD8369 /* libnetwars.a in Frameworks */ = {isa = PBXBuildFile; fileRef = 8E5F27D50F3E121400AC012E /* libnetwars.a */; };
		8E39AB100EEC497E000C7932 /* CocoaBuyMenu.mm in Sources */ = {isa = PBXBuildFile; fileRef = 8E39AB0F0EEC497E000C7932 /* CocoaBuyMenu.mm */; };
		8E39AE560EEC7608000C7932 /* GameDialogController.mm in Sources */ = {isa = PBXBuildFile; fileRef = 8E39AE540EEC7608000C7932 /* GameDialogController.mm */; };
		8E3D6A100EF3F7B100F3F839 /* AnimatableUnit.mm in Sources */ = {isa = PBXBuildFile; fileRef = 8E3D6A0F0EF3F7B100F3F839 /* AnimatableUnit.mm */; };
		8E57A5270F3E154C004AC992 /* HighlightedArea.mm in Sources */ = {isa = PBXBuildFile; fileRef = 8E57A5260F3E154C004AC992 /* HighlightedArea.mm */; };
		8E5D18EB0EE07D640087E028 /* VBoxView.m in Sources */ = {isa = PBXBuildFile; fileRef = 8E5D18E90EE07D640087E028 /* VBoxView.m */; };
		8E5F27D80F3E121400AC012E /* libtinyxml.a in Frameworks */ = {isa = PBXBuildFile; fileRef = 8E5F27D60F3E121400AC012E /* libtinyxml.a */; };
		8E60A06F10051221009BF0CD /* data in Resources */ = {isa = PBXBuildFile; fileRef = 8E609FBE10051221009BF0CD /* data */; };
		8E8A54560F3FB8420084E240 /* NotificationNames.mm in Sources */ = {isa = PBXBuildFile; fileRef = 8E8A54550F3FB8420084E240 /* NotificationNames.mm */; };
		8E8A545D0F3FB90E0084E240 /* CocoaUnit.mm in Sources */ = {isa = PBXBuildFile; fileRef = 8E8A545C0F3FB90E0084E240 /* CocoaUnit.mm */; };
		8E8A54920F3FBB310084E240 /* CocoaTerrain.mm in Sources */ = {isa = PBXBuildFile; fileRef = 8E8A54910F3FBB310084E240 /* CocoaTerrain.mm */; };
		8E8C41260F13A73400F1E03A /* MapViewController.mm in Sources */ = {isa = PBXBuildFile; fileRef = 8E8C41250F13A73400F1E03A /* MapViewController.mm */; };
		8EBFF0800F39FC9400FFFE14 /* Icon.icns in Resources */ = {isa = PBXBuildFile; fileRef = 8EBFF07F0F39FC9400FFFE14 /* Icon.icns */; };
		8EF8D4880F76EB28000F6F9C /* 7330.aws in Resources */ = {isa = PBXBuildFile; fileRef = 8EF8D4870F76EB28000F6F9C /* 7330.aws */; };
/* End PBXBuildFile section */

/* Begin PBXFileReference section */
		089C165DFE840E0CC02AAC07 /* English */ = {isa = PBXFileReference; fileEncoding = 10; lastKnownFileType = text.plist.strings; name = English; path = English.lproj/InfoPlist.strings; sourceTree = "<group>"; };
		1058C7A1FEA54F0111CA2CBB /* Cocoa.framework */ = {isa = PBXFileReference; lastKnownFileType = wrapper.framework; name = Cocoa.framework; path = /System/Library/Frameworks/Cocoa.framework; sourceTree = "<absolute>"; };
		13E42FB307B3F0F600E4EEF1 /* CoreData.framework */ = {isa = PBXFileReference; lastKnownFileType = wrapper.framework; name = CoreData.framework; path = /System/Library/Frameworks/CoreData.framework; sourceTree = "<absolute>"; };
		1DDD58150DA1D0A300B32029 /* English */ = {isa = PBXFileReference; lastKnownFileType = file.xib; name = English; path = English.lproj/MainMenu.xib; sourceTree = "<group>"; };
		29B97316FDCFA39411CA2CEA /* main.mm */ = {isa = PBXFileReference; fileEncoding = 4; lastKnownFileType = sourcecode.cpp.objcpp; path = main.mm; sourceTree = "<group>"; };
		29B97324FDCFA39411CA2CEA /* AppKit.framework */ = {isa = PBXFileReference; lastKnownFileType = wrapper.framework; name = AppKit.framework; path = /System/Library/Frameworks/AppKit.framework; sourceTree = "<absolute>"; };
		29B97325FDCFA39411CA2CEA /* Foundation.framework */ = {isa = PBXFileReference; lastKnownFileType = wrapper.framework; name = Foundation.framework; path = /System/Library/Frameworks/Foundation.framework; sourceTree = "<absolute>"; };
		32CA4F630368D1EE00C91783 /* gui_cocoa_Prefix.pch */ = {isa = PBXFileReference; fileEncoding = 4; lastKnownFileType = sourcecode.c.h; path = gui_cocoa_Prefix.pch; sourceTree = "<group>"; };
		8D1107310486CEB800E47090 /* Info.plist */ = {isa = PBXFileReference; fileEncoding = 4; lastKnownFileType = text.plist.xml; path = Info.plist; sourceTree = "<group>"; };
		8E0BCC150F30B4B200BD795E /* UnitInfo.xib */ = {isa = PBXFileReference; lastKnownFileType = file.xib; path = UnitInfo.xib; sourceTree = "<group>"; };
		8E0BCC590F30B73900BD795E /* UnitInfoController.mm */ = {isa = PBXFileReference; fileEncoding = 4; lastKnownFileType = sourcecode.cpp.objcpp; path = UnitInfoController.mm; sourceTree = "<group>"; };
		8E0BCC5A0F30B73900BD795E /* UnitInfoController.h */ = {isa = PBXFileReference; fileEncoding = 4; lastKnownFileType = sourcecode.c.h; path = UnitInfoController.h; sourceTree = "<group>"; };
		8E0C47680EEAF337008EFD65 /* CocoaActionMenu.h */ = {isa = PBXFileReference; fileEncoding = 4; lastKnownFileType = sourcecode.c.h; path = CocoaActionMenu.h; sourceTree = "<group>"; };
		8E0C47690EEAF337008EFD65 /* CocoaActionMenu.mm */ = {isa = PBXFileReference; fileEncoding = 4; lastKnownFileType = sourcecode.cpp.objcpp; path = CocoaActionMenu.mm; sourceTree = "<group>"; };
		8E0C4A3F0EEB16BD008EFD65 /* UnitUnloadMenuController.h */ = {isa = PBXFileReference; fileEncoding = 4; lastKnownFileType = sourcecode.c.h; path = UnitUnloadMenuController.h; sourceTree = "<group>"; };
		8E0C4A400EEB16BD008EFD65 /* UnitUnloadMenuController.mm */ = {isa = PBXFileReference; fileEncoding = 4; lastKnownFileType = sourcecode.cpp.objcpp; path = UnitUnloadMenuController.mm; sourceTree = "<group>"; };
		8E0C4AD20EEB1C49008EFD65 /* CocoaUnloadMenu.h */ = {isa = PBXFileReference; fileEncoding = 4; lastKnownFileType = sourcecode.c.h; path = CocoaUnloadMenu.h; sourceTree = "<group>"; };
		8E0C4AD30EEB1C49008EFD65 /* CocoaUnloadMenu.mm */ = {isa = PBXFileReference; fileEncoding = 4; lastKnownFileType = sourcecode.cpp.objcpp; path = CocoaUnloadMenu.mm; sourceTree = "<group>"; };
		8E0C4B8E0EEB3B05008EFD65 /* BuyMenu.xib */ = {isa = PBXFileReference; lastKnownFileType = file.xib; path = BuyMenu.xib; sourceTree = "<group>"; };
		8E0C4B910EEB3E64008EFD65 /* BuyMenuController.h */ = {isa = PBXFileReference; fileEncoding = 4; lastKnownFileType = sourcecode.c.h; path = BuyMenuController.h; sourceTree = "<group>"; };
		8E0C4B920EEB3E64008EFD65 /* BuyMenuController.mm */ = {isa = PBXFileReference; fileEncoding = 4; lastKnownFileType = sourcecode.cpp.objcpp; path = BuyMenuController.mm; sourceTree = "<group>"; };
		8E1A5F8A0EDEEE050089B499 /* CocoaMapWidget.h */ = {isa = PBXFileReference; fileEncoding = 4; lastKnownFileType = sourcecode.c.h; path = CocoaMapWidget.h; sourceTree = "<group>"; };
		8E1A5F8B0EDEEE050089B499 /* CocoaMapWidget.mm */ = {isa = PBXFileReference; fileEncoding = 4; lastKnownFileType = sourcecode.cpp.objcpp; path = CocoaMapWidget.mm; sourceTree = "<group>"; };
		8E1A624C0EDF662A0089B499 /* GameDialog.xib */ = {isa = PBXFileReference; lastKnownFileType = file.xib; path = GameDialog.xib; sourceTree = "<group>"; };
		8E1A62830EE033D70089B499 /* UnitActionMenuController.h */ = {isa = PBXFileReference; fileEncoding = 4; lastKnownFileType = sourcecode.c.h; path = UnitActionMenuController.h; sourceTree = "<group>"; };
		8E1A62840EE033D70089B499 /* UnitActionMenuController.mm */ = {isa = PBXFileReference; fileEncoding = 4; lastKnownFileType = sourcecode.cpp.objcpp; path = UnitActionMenuController.mm; sourceTree = "<group>"; };
		8E1BC66E0F39DEF700CE9290 /* Credits.rtf */ = {isa = PBXFileReference; lastKnownFileType = text.rtf; path = Credits.rtf; sourceTree = "<group>"; };
		8E26C35A0ED4864000704923 /* Netwars.app */ = {isa = PBXFileReference; explicitFileType = wrapper.application; includeInIndex = 0; path = Netwars.app; sourceTree = BUILT_PRODUCTS_DIR; };
		8E26C4C70ED488A700704923 /* MapView.h */ = {isa = PBXFileReference; fileEncoding = 4; lastKnownFileType = sourcecode.c.h; path = MapView.h; sourceTree = "<group>"; };
		8E26C4C80ED488A700704923 /* MapView.mm */ = {isa = PBXFileReference; fileEncoding = 4; lastKnownFileType = sourcecode.cpp.objcpp; path = MapView.mm; sourceTree = "<group>"; };
		8E26C51F0ED48F2D00704923 /* AppController.h */ = {isa = PBXFileReference; fileEncoding = 4; lastKnownFileType = sourcecode.c.h; path = AppController.h; sourceTree = "<group>"; };
		8E26C5200ED48F2D00704923 /* AppController.mm */ = {isa = PBXFileReference; fileEncoding = 4; lastKnownFileType = sourcecode.cpp.objcpp; path = AppController.mm; sourceTree = "<group>"; };
		8E26CE840ED8304500704923 /* Coordinate.h */ = {isa = PBXFileReference; fileEncoding = 4; lastKnownFileType = sourcecode.c.h; path = Coordinate.h; sourceTree = "<group>"; };
		8E26CE850ED8304500704923 /* Coordinate.mm */ = {isa = PBXFileReference; fileEncoding = 4; lastKnownFileType = sourcecode.cpp.objcpp; path = Coordinate.mm; sourceTree = "<group>"; };
		8E26CF980ED851F300704923 /* Sprites.h */ = {isa = PBXFileReference; fileEncoding = 4; lastKnownFileType = sourcecode.c.h; path = Sprites.h; sourceTree = "<group>"; };
		8E26CF990ED851F300704923 /* Sprites.mm */ = {isa = PBXFileReference; fileEncoding = 4; lastKnownFileType = sourcecode.cpp.objcpp; path = Sprites.mm; sourceTree = "<group>"; };
		8E26CFB50ED8546800704923 /* SynthesizeSingleton.h */ = {isa = PBXFileReference; fileEncoding = 4; lastKnownFileType = sourcecode.c.h; path = SynthesizeSingleton.h; sourceTree = "<group>"; };
		8E26D0FE0ED8614E00704923 /* MapView.xib */ = {isa = PBXFileReference; lastKnownFileType = file.xib; path = MapView.xib; sourceTree = "<group>"; };
		8E26D12B0ED864BE00704923 /* MainWindow.xib */ = {isa = PBXFileReference; lastKnownFileType = file.xib; path = MainWindow.xib; sourceTree = "<group>"; };
		8E26D18A0ED868E200704923 /* MainWindowController.mm */ = {isa = PBXFileReference; fileEncoding = 4; lastKnownFileType = sourcecode.cpp.objcpp; path = MainWindowController.mm; sourceTree = "<group>"; };
		8E26D18B0ED868E200704923 /* MainWindowController.h */ = {isa = PBXFileReference; fileEncoding = 4; lastKnownFileType = sourcecode.c.h; path = MainWindowController.h; sourceTree = "<group>"; };
		8E303B3B0EEC8BFA005FD0B5 /* config.xml */ = {isa = PBXFileReference; fileEncoding = 4; lastKnownFileType = text.xml; name = config.xml; path = ../../config.xml; sourceTree = SOURCE_ROOT; };
		8E30FB510EECA46E00D06119 /* Quartz.framework */ = {isa = PBXFileReference; lastKnownFileType = wrapper.framework; name = Quartz.framework; path = System/Library/Frameworks/Quartz.framework; sourceTree = SDKROOT; };
		8E3383C7106EEEE000CD8369 /* libbase64.a */ = {isa = PBXFileReference; lastKnownFileType = archive.ar; name = libbase64.a; path = ../libbase64.a; sourceTree = SOURCE_ROOT; };
		8E3383C8106EEEE000CD8369 /* libjson.a */ = {isa = PBXFileReference; lastKnownFileType = archive.ar; name = libjson.a; path = ../libjson.a; sourceTree = SOURCE_ROOT; };
		8E3383C9106EEEE000CD8369 /* libmd5.a */ = {isa = PBXFileReference; lastKnownFileType = archive.ar; name = libmd5.a; path = ../libmd5.a; sourceTree = SOURCE_ROOT; };
		8E3383CD106EEF0C00CD8369 /* libboost_filesystem.a */ = {isa = PBXFileReference; lastKnownFileType = archive.ar; name = libboost_filesystem.a; path = /usr/local/lib/libboost_filesystem.a; sourceTree = "<absolute>"; };
		8E3383CE106EEF0C00CD8369 /* libboost_signals.a */ = {isa = PBXFileReference; lastKnownFileType = archive.ar; name = libboost_signals.a; path = /usr/local/lib/libboost_signals.a; sourceTree = "<absolute>"; };
		8E3383CF106EEF0C00CD8369 /* libboost_system.a */ = {isa = PBXFileReference; lastKnownFileType = archive.ar; name = libboost_system.a; path = /usr/local/lib/libboost_system.a; sourceTree = "<absolute>"; };
		8E39AB0E0EEC497E000C7932 /* CocoaBuyMenu.h */ = {isa = PBXFileReference; fileEncoding = 4; lastKnownFileType = sourcecode.c.h; path = CocoaBuyMenu.h; sourceTree = "<group>"; };
		8E39AB0F0EEC497E000C7932 /* CocoaBuyMenu.mm */ = {isa = PBXFileReference; fileEncoding = 4; lastKnownFileType = sourcecode.cpp.objcpp; path = CocoaBuyMenu.mm; sourceTree = "<group>"; };
		8E39AE540EEC7608000C7932 /* GameDialogController.mm */ = {isa = PBXFileReference; fileEncoding = 4; lastKnownFileType = sourcecode.cpp.objcpp; path = GameDialogController.mm; sourceTree = "<group>"; };
		8E39AE550EEC7608000C7932 /* GameDialogController.h */ = {isa = PBXFileReference; fileEncoding = 4; lastKnownFileType = sourcecode.c.h; path = GameDialogController.h; sourceTree = "<group>"; };
		8E3D6A0E0EF3F7B100F3F839 /* AnimatableUnit.h */ = {isa = PBXFileReference; fileEncoding = 4; lastKnownFileType = sourcecode.c.h; path = AnimatableUnit.h; sourceTree = "<group>"; };
		8E3D6A0F0EF3F7B100F3F839 /* AnimatableUnit.mm */ = {isa = PBXFileReference; fileEncoding = 4; lastKnownFileType = sourcecode.cpp.objcpp; path = AnimatableUnit.mm; sourceTree = "<group>"; };
		8E57A5250F3E154C004AC992 /* HighlightedArea.h */ = {isa = PBXFileReference; fileEncoding = 4; lastKnownFileType = sourcecode.c.h; path = HighlightedArea.h; sourceTree = "<group>"; };
		8E57A5260F3E154C004AC992 /* HighlightedArea.mm */ = {isa = PBXFileReference; fileEncoding = 4; lastKnownFileType = sourcecode.cpp.objcpp; path = HighlightedArea.mm; sourceTree = "<group>"; };
		8E5D18E90EE07D640087E028 /* VBoxView.m */ = {isa = PBXFileReference; fileEncoding = 4; lastKnownFileType = sourcecode.c.objc; path = VBoxView.m; sourceTree = "<group>"; };
		8E5D18EA0EE07D640087E028 /* VBoxView.h */ = {isa = PBXFileReference; fileEncoding = 4; lastKnownFileType = sourcecode.c.h; path = VBoxView.h; sourceTree = "<group>"; };
		8E5F27D50F3E121400AC012E /* libnetwars.a */ = {isa = PBXFileReference; lastKnownFileType = archive.ar; name = libnetwars.a; path = ../libnetwars.a; sourceTree = SOURCE_ROOT; };
		8E5F27D60F3E121400AC012E /* libtinyxml.a */ = {isa = PBXFileReference; lastKnownFileType = archive.ar; name = libtinyxml.a; path = ../libtinyxml.a; sourceTree = SOURCE_ROOT; };
		8E609FBE10051221009BF0CD /* data */ = {isa = PBXFileReference; lastKnownFileType = folder; name = data; path = ../../data; sourceTree = SOURCE_ROOT; };
		8E8A544F0F3FB7F20084E240 /* NotificationNames.h */ = {isa = PBXFileReference; fileEncoding = 4; lastKnownFileType = sourcecode.c.h; path = NotificationNames.h; sourceTree = "<group>"; };
		8E8A54550F3FB8420084E240 /* NotificationNames.mm */ = {isa = PBXFileReference; fileEncoding = 4; lastKnownFileType = sourcecode.cpp.objcpp; path = NotificationNames.mm; sourceTree = "<group>"; };
		8E8A545B0F3FB90E0084E240 /* CocoaUnit.h */ = {isa = PBXFileReference; fileEncoding = 4; lastKnownFileType = sourcecode.c.h; path = CocoaUnit.h; sourceTree = "<group>"; };
		8E8A545C0F3FB90E0084E240 /* CocoaUnit.mm */ = {isa = PBXFileReference; fileEncoding = 4; lastKnownFileType = sourcecode.cpp.objcpp; path = CocoaUnit.mm; sourceTree = "<group>"; };
		8E8A54900F3FBB310084E240 /* CocoaTerrain.h */ = {isa = PBXFileReference; fileEncoding = 4; lastKnownFileType = sourcecode.c.h; path = CocoaTerrain.h; sourceTree = "<group>"; };
		8E8A54910F3FBB310084E240 /* CocoaTerrain.mm */ = {isa = PBXFileReference; fileEncoding = 4; lastKnownFileType = sourcecode.cpp.objcpp; path = CocoaTerrain.mm; sourceTree = "<group>"; };
		8E8C41240F13A73400F1E03A /* MapViewController.h */ = {isa = PBXFileReference; fileEncoding = 4; lastKnownFileType = sourcecode.c.h; path = MapViewController.h; sourceTree = "<group>"; };
		8E8C41250F13A73400F1E03A /* MapViewController.mm */ = {isa = PBXFileReference; fileEncoding = 4; lastKnownFileType = sourcecode.cpp.objcpp; path = MapViewController.mm; sourceTree = "<group>"; };
		8EBFF07F0F39FC9400FFFE14 /* Icon.icns */ = {isa = PBXFileReference; lastKnownFileType = image.icns; path = Icon.icns; sourceTree = "<group>"; };
		8EF8D4870F76EB28000F6F9C /* 7330.aws */ = {isa = PBXFileReference; lastKnownFileType = file; name = 7330.aws; path = ../../maps/7330.aws; sourceTree = SOURCE_ROOT; };
/* End PBXFileReference section */

/* Begin PBXFrameworksBuildPhase section */
		8D11072E0486CEB800E47090 /* Frameworks */ = {
			isa = PBXFrameworksBuildPhase;
			buildActionMask = 2147483647;
			files = (
				8D11072F0486CEB800E47090 /* Cocoa.framework in Frameworks */,
				8E30FB520EECA46E00D06119 /* Quartz.framework in Frameworks */,
				8E5F27D80F3E121400AC012E /* libtinyxml.a in Frameworks */,
				8E3383CA106EEEE000CD8369 /* libbase64.a in Frameworks */,
				8E3383CB106EEEE000CD8369 /* libjson.a in Frameworks */,
				8E3383CC106EEEE000CD8369 /* libmd5.a in Frameworks */,
				8E3383D0106EEF0C00CD8369 /* libboost_filesystem.a in Frameworks */,
				8E3383D1106EEF0C00CD8369 /* libboost_signals.a in Frameworks */,
				8E3383D2106EEF0C00CD8369 /* libboost_system.a in Frameworks */,
				8E3383FA106EEFEB00CD8369 /* libnetwars.a in Frameworks */,
			);
			runOnlyForDeploymentPostprocessing = 0;
		};
/* End PBXFrameworksBuildPhase section */

/* Begin PBXGroup section */
		080E96DDFE201D6D7F000001 /* Classes */ = {
			isa = PBXGroup;
			children = (
				8E26CF980ED851F300704923 /* Sprites.h */,
				8E26CF990ED851F300704923 /* Sprites.mm */,
				8E26C4C70ED488A700704923 /* MapView.h */,
				8E26C4C80ED488A700704923 /* MapView.mm */,
				8E26CE840ED8304500704923 /* Coordinate.h */,
				8E26CE850ED8304500704923 /* Coordinate.mm */,
				8E3D6A0E0EF3F7B100F3F839 /* AnimatableUnit.h */,
				8E3D6A0F0EF3F7B100F3F839 /* AnimatableUnit.mm */,
				8E57A5250F3E154C004AC992 /* HighlightedArea.h */,
				8E57A5260F3E154C004AC992 /* HighlightedArea.mm */,
			);
			name = Classes;
			sourceTree = "<group>";
		};
		1058C7A0FEA54F0111CA2CBB /* Linked Frameworks */ = {
			isa = PBXGroup;
			children = (
				8E30FB510EECA46E00D06119 /* Quartz.framework */,
				1058C7A1FEA54F0111CA2CBB /* Cocoa.framework */,
			);
			name = "Linked Frameworks";
			sourceTree = "<group>";
		};
		1058C7A2FEA54F0111CA2CBB /* Other Frameworks */ = {
			isa = PBXGroup;
			children = (
				29B97324FDCFA39411CA2CEA /* AppKit.framework */,
				13E42FB307B3F0F600E4EEF1 /* CoreData.framework */,
				29B97325FDCFA39411CA2CEA /* Foundation.framework */,
			);
			name = "Other Frameworks";
			sourceTree = "<group>";
		};
		19C28FACFE9D520D11CA2CBB /* Products */ = {
			isa = PBXGroup;
			children = (
				8E26C35A0ED4864000704923 /* Netwars.app */,
			);
			name = Products;
			sourceTree = "<group>";
		};
		29B97314FDCFA39411CA2CEA /* gui_cocoa */ = {
			isa = PBXGroup;
			children = (
				8E3383CD106EEF0C00CD8369 /* libboost_filesystem.a */,
				8E3383CE106EEF0C00CD8369 /* libboost_signals.a */,
				8E3383CF106EEF0C00CD8369 /* libboost_system.a */,
				8E3383C7106EEEE000CD8369 /* libbase64.a */,
				8E3383C8106EEEE000CD8369 /* libjson.a */,
				8E3383C9106EEEE000CD8369 /* libmd5.a */,
				8E5F27D50F3E121400AC012E /* libnetwars.a */,
				8E5F27D60F3E121400AC012E /* libtinyxml.a */,
				8E5D18E60EE07D550087E028 /* Helper Code */,
				8E1A5F400EDEED6F0089B499 /* Glue Code */,
				080E96DDFE201D6D7F000001 /* Classes */,
				8E0C4B940EEB3E8D008EFD65 /* Controllers */,
				29B97315FDCFA39411CA2CEA /* Other Sources */,
				29B97317FDCFA39411CA2CEA /* Resources */,
				29B97323FDCFA39411CA2CEA /* Frameworks */,
				19C28FACFE9D520D11CA2CBB /* Products */,
			);
			name = gui_cocoa;
			sourceTree = "<group>";
		};
		29B97315FDCFA39411CA2CEA /* Other Sources */ = {
			isa = PBXGroup;
			children = (
				32CA4F630368D1EE00C91783 /* gui_cocoa_Prefix.pch */,
				29B97316FDCFA39411CA2CEA /* main.mm */,
				8E8A544F0F3FB7F20084E240 /* NotificationNames.h */,
				8E8A54550F3FB8420084E240 /* NotificationNames.mm */,
			);
			name = "Other Sources";
			sourceTree = "<group>";
		};
		29B97317FDCFA39411CA2CEA /* Resources */ = {
			isa = PBXGroup;
			children = (
				8E609FBE10051221009BF0CD /* data */,
				8EF8D4870F76EB28000F6F9C /* 7330.aws */,
				8EBFF07F0F39FC9400FFFE14 /* Icon.icns */,
				8E0BCC150F30B4B200BD795E /* UnitInfo.xib */,
				8E303B3B0EEC8BFA005FD0B5 /* config.xml */,
				8E0C4B8E0EEB3B05008EFD65 /* BuyMenu.xib */,
				8E1A624C0EDF662A0089B499 /* GameDialog.xib */,
				8E26D12B0ED864BE00704923 /* MainWindow.xib */,
				8E26D0FE0ED8614E00704923 /* MapView.xib */,
				8D1107310486CEB800E47090 /* Info.plist */,
				089C165CFE840E0CC02AAC07 /* InfoPlist.strings */,
				1DDD58140DA1D0A300B32029 /* MainMenu.xib */,
				8E1BC66E0F39DEF700CE9290 /* Credits.rtf */,
			);
			name = Resources;
			sourceTree = "<group>";
		};
		29B97323FDCFA39411CA2CEA /* Frameworks */ = {
			isa = PBXGroup;
			children = (
				1058C7A0FEA54F0111CA2CBB /* Linked Frameworks */,
				1058C7A2FEA54F0111CA2CBB /* Other Frameworks */,
			);
			name = Frameworks;
			sourceTree = "<group>";
		};
		8E0C4B940EEB3E8D008EFD65 /* Controllers */ = {
			isa = PBXGroup;
			children = (
				8E0BCC5A0F30B73900BD795E /* UnitInfoController.h */,
				8E0BCC590F30B73900BD795E /* UnitInfoController.mm */,
				8E39AE550EEC7608000C7932 /* GameDialogController.h */,
				8E39AE540EEC7608000C7932 /* GameDialogController.mm */,
				8E0C4B910EEB3E64008EFD65 /* BuyMenuController.h */,
				8E0C4B920EEB3E64008EFD65 /* BuyMenuController.mm */,
				8E1A62830EE033D70089B499 /* UnitActionMenuController.h */,
				8E1A62840EE033D70089B499 /* UnitActionMenuController.mm */,
				8E26C51F0ED48F2D00704923 /* AppController.h */,
				8E26C5200ED48F2D00704923 /* AppController.mm */,
				8E26D18B0ED868E200704923 /* MainWindowController.h */,
				8E26D18A0ED868E200704923 /* MainWindowController.mm */,
				8E0C4A3F0EEB16BD008EFD65 /* UnitUnloadMenuController.h */,
				8E0C4A400EEB16BD008EFD65 /* UnitUnloadMenuController.mm */,
				8E8C41240F13A73400F1E03A /* MapViewController.h */,
				8E8C41250F13A73400F1E03A /* MapViewController.mm */,
			);
			name = Controllers;
			sourceTree = "<group>";
		};
		8E1A5F400EDEED6F0089B499 /* Glue Code */ = {
			isa = PBXGroup;
			children = (
				8E1A5F8A0EDEEE050089B499 /* CocoaMapWidget.h */,
				8E1A5F8B0EDEEE050089B499 /* CocoaMapWidget.mm */,
				8E0C47680EEAF337008EFD65 /* CocoaActionMenu.h */,
				8E0C47690EEAF337008EFD65 /* CocoaActionMenu.mm */,
				8E0C4AD20EEB1C49008EFD65 /* CocoaUnloadMenu.h */,
				8E0C4AD30EEB1C49008EFD65 /* CocoaUnloadMenu.mm */,
				8E39AB0E0EEC497E000C7932 /* CocoaBuyMenu.h */,
				8E39AB0F0EEC497E000C7932 /* CocoaBuyMenu.mm */,
				8E8A545B0F3FB90E0084E240 /* CocoaUnit.h */,
				8E8A545C0F3FB90E0084E240 /* CocoaUnit.mm */,
				8E8A54900F3FBB310084E240 /* CocoaTerrain.h */,
				8E8A54910F3FBB310084E240 /* CocoaTerrain.mm */,
			);
			name = "Glue Code";
			sourceTree = "<group>";
		};
		8E5D18E60EE07D550087E028 /* Helper Code */ = {
			isa = PBXGroup;
			children = (
				8E26CFB50ED8546800704923 /* SynthesizeSingleton.h */,
				8E5D18EA0EE07D640087E028 /* VBoxView.h */,
				8E5D18E90EE07D640087E028 /* VBoxView.m */,
			);
			name = "Helper Code";
			sourceTree = "<group>";
		};
/* End PBXGroup section */

/* Begin PBXNativeTarget section */
		8D1107260486CEB800E47090 /* Netwars */ = {
			isa = PBXNativeTarget;
			buildConfigurationList = C01FCF4A08A954540054247B /* Build configuration list for PBXNativeTarget "Netwars" */;
			buildPhases = (
				8D1107290486CEB800E47090 /* Resources */,
				8D11072C0486CEB800E47090 /* Sources */,
				8D11072E0486CEB800E47090 /* Frameworks */,
				8E155C9D0FF6989100E72B92 /* ShellScript */,
			);
			buildRules = (
			);
			dependencies = (
			);
			name = Netwars;
			productInstallPath = "$(HOME)/Applications";
			productName = gui_cocoa;
			productReference = 8E26C35A0ED4864000704923 /* Netwars.app */;
			productType = "com.apple.product-type.application";
		};
/* End PBXNativeTarget section */

/* Begin PBXProject section */
		29B97313FDCFA39411CA2CEA /* Project object */ = {
			isa = PBXProject;
			buildConfigurationList = C01FCF4E08A954540054247B /* Build configuration list for PBXProject "gui_cocoa" */;
			compatibilityVersion = "Xcode 3.1";
			hasScannedForEncodings = 1;
			mainGroup = 29B97314FDCFA39411CA2CEA /* gui_cocoa */;
			projectDirPath = "";
			projectRoot = "";
			targets = (
				8D1107260486CEB800E47090 /* Netwars */,
			);
		};
/* End PBXProject section */

/* Begin PBXResourcesBuildPhase section */
		8D1107290486CEB800E47090 /* Resources */ = {
			isa = PBXResourcesBuildPhase;
			buildActionMask = 2147483647;
			files = (
				8D11072B0486CEB800E47090 /* InfoPlist.strings in Resources */,
				1DDD58160DA1D0A300B32029 /* MainMenu.xib in Resources */,
				8E26D0FF0ED8614E00704923 /* MapView.xib in Resources */,
				8E26D12C0ED864BE00704923 /* MainWindow.xib in Resources */,
				8E1A624D0EDF662A0089B499 /* GameDialog.xib in Resources */,
				8E0C4B8F0EEB3B05008EFD65 /* BuyMenu.xib in Resources */,
				8E303C970EEC8BFA005FD0B5 /* config.xml in Resources */,
				8E1BC66F0F39DEF700CE9290 /* Credits.rtf in Resources */,
				8EBFF0800F39FC9400FFFE14 /* Icon.icns in Resources */,
				8E0BCC160F30B4B200BD795E /* UnitInfo.xib in Resources */,
				8EF8D4880F76EB28000F6F9C /* 7330.aws in Resources */,
				8E60A06F10051221009BF0CD /* data in Resources */,
			);
			runOnlyForDeploymentPostprocessing = 0;
		};
/* End PBXResourcesBuildPhase section */

/* Begin PBXShellScriptBuildPhase section */
		8E155C9D0FF6989100E72B92 /* ShellScript */ = {
			isa = PBXShellScriptBuildPhase;
			buildActionMask = 2147483647;
			files = (
			);
			inputPaths = (
			);
			outputPaths = (
			);
			runOnlyForDeploymentPostprocessing = 0;
			shellPath = /bin/sh;
			shellScript = "\n# This script is used to repair the search path for libraries of Netwars.app\n# It makes it possible to deliver dynamic libraries (.dylib) in the appbundle\n# so that no other installation is required \n\nNETWARS=\"$TARGET_BUILD_DIR/$TARGET_NAME.app\"\n\nrm -r $NETWARS/Contents/Frameworks/\nmkdir $NETWARS/Contents/Frameworks/\n\ncp /usr/local/lib/libboost_filesystem.dylib $NETWARS/Contents/Frameworks/\ncp /usr/local/lib/libboost_signals.dylib $NETWARS/Contents/Frameworks/\ncp /usr/local/lib/libboost_system.dylib $NETWARS/Contents/Frameworks/\n\n# boost.filesystem\ninstall_name_tool -id \\\n @executable_path/../Frameworks/libboost_filesystem.dylib \\\n $NETWARS/Contents/Frameworks/libboost_filesystem.dylib \n\ninstall_name_tool -change libboost_filesystem.dylib \\\n @executable_path/../Frameworks/libboost_filesystem.dylib \\\n $NETWARS/Contents/MacOS/Netwars \n\n# boost.signals\ninstall_name_tool -id \\\n @executable_path/../Frameworks/libboost_signals.dylib \\\n $NETWARS/Contents/Frameworks/libboost_signals.dylib \n\ninstall_name_tool -change libboost_signals.dylib \\\n @executable_path/../Frameworks/libboost_signals.dylib \\\n $NETWARS/Contents/MacOS/Netwars \n\n# boost.system\ninstall_name_tool -id \\\n @executable_path/../Frameworks/libboost_system.dylib \\\n $NETWARS/Contents/Frameworks/libboost_system.dylib \n\ninstall_name_tool -change libboost_system.dylib \\\n @executable_path/../Frameworks/libboost_system.dylib \\\n $NETWARS/Contents/MacOS/Netwars \n\n# changing boost.filesystem to find boost.system \ninstall_name_tool -change libboost_system.dylib \\\n @executable_path/../Frameworks/libboost_system.dylib \\\n $NETWARS/Contents/Frameworks/libboost_filesystem.dylib\n";
		};
/* End PBXShellScriptBuildPhase section */

/* Begin PBXSourcesBuildPhase section */
		8D11072C0486CEB800E47090 /* Sources */ = {
			isa = PBXSourcesBuildPhase;
			buildActionMask = 2147483647;
			files = (
				8D11072D0486CEB800E47090 /* main.mm in Sources */,
				8E26C4C90ED488A700704923 /* MapView.mm in Sources */,
				8E26C5210ED48F2D00704923 /* AppController.mm in Sources */,
				8E26CE860ED8304500704923 /* Coordinate.mm in Sources */,
				8E26CF9A0ED851F300704923 /* Sprites.mm in Sources */,
				8E26D18C0ED868E200704923 /* MainWindowController.mm in Sources */,
				8E1A5F8C0EDEEE050089B499 /* CocoaMapWidget.mm in Sources */,
				8E1A62850EE033D70089B499 /* UnitActionMenuController.mm in Sources */,
				8E5D18EB0EE07D640087E028 /* VBoxView.m in Sources */,
				8E0C476A0EEAF337008EFD65 /* CocoaActionMenu.mm in Sources */,
				8E0C4A410EEB16BD008EFD65 /* UnitUnloadMenuController.mm in Sources */,
				8E0C4AD40EEB1C49008EFD65 /* CocoaUnloadMenu.mm in Sources */,
				8E0C4B930EEB3E64008EFD65 /* BuyMenuController.mm in Sources */,
				8E39AB100EEC497E000C7932 /* CocoaBuyMenu.mm in Sources */,
				8E39AE560EEC7608000C7932 /* GameDialogController.mm in Sources */,
				8E3D6A100EF3F7B100F3F839 /* AnimatableUnit.mm in Sources */,
				8E8C41260F13A73400F1E03A /* MapViewController.mm in Sources */,
				8E57A5270F3E154C004AC992 /* HighlightedArea.mm in Sources */,
				8E0BCC5B0F30B73900BD795E /* UnitInfoController.mm in Sources */,
				8E8A54560F3FB8420084E240 /* NotificationNames.mm in Sources */,
				8E8A545D0F3FB90E0084E240 /* CocoaUnit.mm in Sources */,
				8E8A54920F3FBB310084E240 /* CocoaTerrain.mm in Sources */,
			);
			runOnlyForDeploymentPostprocessing = 0;
		};
/* End PBXSourcesBuildPhase section */

/* Begin PBXVariantGroup section */
		089C165CFE840E0CC02AAC07 /* InfoPlist.strings */ = {
			isa = PBXVariantGroup;
			children = (
				089C165DFE840E0CC02AAC07 /* English */,
			);
			name = InfoPlist.strings;
			sourceTree = "<group>";
		};
		1DDD58140DA1D0A300B32029 /* MainMenu.xib */ = {
			isa = PBXVariantGroup;
			children = (
				1DDD58150DA1D0A300B32029 /* English */,
			);
			name = MainMenu.xib;
			sourceTree = "<group>";
		};
/* End PBXVariantGroup section */

/* Begin XCBuildConfiguration section */
		C01FCF4B08A954540054247B /* Debug */ = {
			isa = XCBuildConfiguration;
			buildSettings = {
				ALWAYS_SEARCH_USER_PATHS = NO;
				ARCHS = "$(ARCHS_STANDARD_32_64_BIT)";
				COPY_PHASE_STRIP = NO;
				GCC_DYNAMIC_NO_PIC = NO;
				GCC_ENABLE_FIX_AND_CONTINUE = YES;
				GCC_ENABLE_OBJC_GC = required;
				GCC_MODEL_TUNING = G5;
				GCC_OPTIMIZATION_LEVEL = 0;
				GCC_PRECOMPILE_PREFIX_HEADER = YES;
				GCC_PREFIX_HEADER = gui_cocoa_Prefix.pch;
				GCC_PREPROCESSOR_DEFINITIONS = (
					"TIXML_USE_TICPP=1",
					"TIXML_USE_STL=1",
				);
				GCC_VERSION = "";
				GCC_WARN_EFFECTIVE_CPLUSPLUS_VIOLATIONS = NO;
				HEADER_SEARCH_PATHS = /usr/local/include;
				INFOPLIST_FILE = Info.plist;
				INSTALL_PATH = "$(HOME)/Applications";
				LIBRARY_SEARCH_PATHS = (
					"\"$(SRCROOT)/..\"",
					"\"$(SRCROOT)/../../../../Downloads/boost\"",
				);
				OTHER_LDFLAGS = "";
				PRODUCT_NAME = Netwars;
				SDKROOT = "";
				STANDARD_C_PLUS_PLUS_LIBRARY_TYPE = dynamic;
				USER_HEADER_SEARCH_PATHS = "$(SRCROOT)/.. $(SRCROOT)/../lib";
			};
			name = Debug;
		};
		C01FCF4C08A954540054247B /* Release */ = {
			isa = XCBuildConfiguration;
			buildSettings = {
				ALWAYS_SEARCH_USER_PATHS = NO;
				ARCHS = "$(ARCHS_STANDARD_32_64_BIT)";
				DEBUG_INFORMATION_FORMAT = "dwarf-with-dsym";
				GCC_ENABLE_OBJC_GC = required;
				GCC_GENERATE_DEBUGGING_SYMBOLS = NO;
				GCC_MODEL_TUNING = G5;
				GCC_OPTIMIZATION_LEVEL = 2;
				GCC_PRECOMPILE_PREFIX_HEADER = YES;
				GCC_PREFIX_HEADER = gui_cocoa_Prefix.pch;
				GCC_PREPROCESSOR_DEFINITIONS = (
					"TIXML_USE_TICPP=1",
					"TIXML_USE_STL=1",
				);
				GCC_VERSION = "";
				GCC_WARN_EFFECTIVE_CPLUSPLUS_VIOLATIONS = NO;
				HEADER_SEARCH_PATHS = /usr/local/include;
				INFOPLIST_FILE = Info.plist;
				INSTALL_PATH = "$(HOME)/Applications";
				LIBRARY_SEARCH_PATHS = (
					"\"$(SRCROOT)/..\"",
					"\"$(SRCROOT)/../../../../Downloads/boost\"",
				);
				ONLY_ACTIVE_ARCH = YES;
				OTHER_LDFLAGS = "";
				PRODUCT_NAME = Netwars;
				SDKROOT = "";
				STANDARD_C_PLUS_PLUS_LIBRARY_TYPE = dynamic;
				USER_HEADER_SEARCH_PATHS = "$(SRCROOT)/.. $(SRCROOT)/../lib";
			};
			name = Release;
		};
		C01FCF4F08A954540054247B /* Debug */ = {
			isa = XCBuildConfiguration;
			buildSettings = {
				ARCHS = "$(ARCHS_STANDARD_32_BIT)";
				GCC_C_LANGUAGE_STANDARD = c99;
				GCC_ENABLE_OBJC_GC = unsupported;
				GCC_OPTIMIZATION_LEVEL = 0;
				GCC_VERSION = 4.2;
				GCC_WARN_ABOUT_RETURN_TYPE = YES;
				GCC_WARN_UNUSED_VARIABLE = YES;
				ONLY_ACTIVE_ARCH = YES;
				PREBINDING = NO;
				SDKROOT = macosx10.5;
			};
			name = Debug;
		};
		C01FCF5008A954540054247B /* Release */ = {
			isa = XCBuildConfiguration;
			buildSettings = {
				ARCHS = "$(ARCHS_STANDARD_32_BIT)";
				GCC_C_LANGUAGE_STANDARD = c99;
				GCC_ENABLE_OBJC_GC = unsupported;
				GCC_VERSION = 4.2;
				GCC_WARN_ABOUT_RETURN_TYPE = YES;
				GCC_WARN_UNUSED_VARIABLE = YES;
				PREBINDING = NO;
				SDKROOT = macosx10.5;
			};
			name = Release;
		};
/* End XCBuildConfiguration section */

/* Begin XCConfigurationList section */
		C01FCF4A08A954540054247B /* Build configuration list for PBXNativeTarget "Netwars" */ = {
			isa = XCConfigurationList;
			buildConfigurations = (
				C01FCF4B08A954540054247B /* Debug */,
				C01FCF4C08A954540054247B /* Release */,
			);
			defaultConfigurationIsVisible = 0;
			defaultConfigurationName = Debug;
		};
		C01FCF4E08A954540054247B /* Build configuration list for PBXProject "gui_cocoa" */ = {
			isa = XCConfigurationList;
			buildConfigurations = (
				C01FCF4F08A954540054247B /* Debug */,
				C01FCF5008A954540054247B /* Release */,
			);
			defaultConfigurationIsVisible = 0;
			defaultConfigurationName = Debug;
		};
/* End XCConfigurationList section */
	};
	rootObject = 29B97313FDCFA39411CA2CEA /* Project object */;
}
